
Microsoft Visual Studio Solution File, Format Version 12.00
# Visual Studio Version 17
VisualStudioVersion = 17.2.32516.85
MinimumVisualStudioVersion = 10.0.40219.1
Project("{FAE04EC0-301F-11D3-BF4B-00C04F79EFBC}") = "PurchaseRequest", "PurchaseRequest\PurchaseRequest.csproj", "{9582E1CB-5219-4F25-BF1D-9E32BB971C3E}"
EndProject
Global
	GlobalSection(SolutionConfigurationPlatforms) = preSolution
		Debug|Any CPU = Debug|Any CPU
		Release|Any CPU = Release|Any CPU
	EndGlobalSection
	GlobalSection(ProjectConfigurationPlatforms) = postSolution
		{9582E1CB-5219-4F25-BF1D-9E32BB971C3E}.Debug|Any CPU.ActiveCfg = Debug|Any CPU
		{9582E1CB-5219-4F25-BF1D-9E32BB971C3E}.Debug|Any CPU.Build.0 = Debug|Any CPU
		{9582E1CB-5219-4F25-BF1D-9E32BB971C3E}.Release|Any CPU.ActiveCfg = Release|Any CPU
		{9582E1CB-5219-4F25-BF1D-9E32BB971C3E}.Release|Any CPU.Build.0 = Release|Any CPU
	EndGlobalSection
	GlobalSection(SolutionProperties) = preSolution
		HideSolutionNode = FALSE
	EndGlobalSection
	GlobalSection(ExtensibilityGlobals) = postSolution
		SolutionGuid = {A5B4AE9A-AD1D-45BE-9E6E-58F8FDDEA280}
	EndGlobalSection
EndGlobal
